
Microsoft Visual Studio Solution File, Format Version 12.00
# Visual Studio Version 17
VisualStudioVersion = 17.3.32825.248
MinimumVisualStudioVersion = 10.0.40219.1
Project("{FAE04EC0-301F-11D3-BF4B-00C04F79EFBC}") = "VerdonMusic", "VerdonMusic\VerdonMusic.csproj", "{100AE9AF-A45E-44D2-B967-8A71056EF214}"
EndProject
Global
	GlobalSection(SolutionConfigurationPlatforms) = preSolution
		Debug|Any CPU = Debug|Any CPU
		Release|Any CPU = Release|Any CPU
	EndGlobalSection
	GlobalSection(ProjectConfigurationPlatforms) = postSolution
		{100AE9AF-A45E-44D2-B967-8A71056EF214}.Debug|Any CPU.ActiveCfg = Debug|Any CPU
		{100AE9AF-A45E-44D2-B967-8A71056EF214}.Debug|Any CPU.Build.0 = Debug|Any CPU
		{100AE9AF-A45E-44D2-B967-8A71056EF214}.Release|Any CPU.ActiveCfg = Release|Any CPU
		{100AE9AF-A45E-44D2-B967-8A71056EF214}.Release|Any CPU.Build.0 = Release|Any CPU
	EndGlobalSection
	GlobalSection(SolutionProperties) = preSolution
		HideSolutionNode = FALSE
	EndGlobalSection
	GlobalSection(ExtensibilityGlobals) = postSolution
		SolutionGuid = {86E72DA4-0011-498A-90F8-D5964D71C444}
	EndGlobalSection
EndGlobal
